
Microsoft Visual Studio Solution File, Format Version 12.00
# Visual Studio Version 16
VisualStudioVersion = 16.0.31729.503
MinimumVisualStudioVersion = 10.0.40219.1
Project("{2150E333-8FDC-42A3-9474-1A3956D46DE8}") = "src", "src", "{EBF3E6C2-C40E-4C57-A49B-35E98E596BF5}"
EndProject
Project("{2150E333-8FDC-42A3-9474-1A3956D46DE8}") = "Solution Items", "Solution Items", "{1CA14F72-E1FA-4FDB-81D8-317BFC72AA9A}"
	ProjectSection(SolutionItems) = preProject
		ServiceUrls.txt = ServiceUrls.txt
	EndProjectSection
EndProject
Project("{2150E333-8FDC-42A3-9474-1A3956D46DE8}") = "ApiGateways", "ApiGateways", "{A15C8955-5CB9-408F-B38A-3EFB24A70A40}"
EndProject
Project("{2150E333-8FDC-42A3-9474-1A3956D46DE8}") = "BuildingBlocks", "BuildingBlocks", "{C9BB5D2F-C138-42C2-A4CD-84ACA3D11D79}"
EndProject
Project("{2150E333-8FDC-42A3-9474-1A3956D46DE8}") = "Services", "Services", "{0570D6FD-190F-4591-A31A-E0D56CF2B356}"
EndProject
Project("{2150E333-8FDC-42A3-9474-1A3956D46DE8}") = "Clients", "Clients", "{2F8CAD7C-77DC-42F2-8B82-AFFF956DF184}"
EndProject
Project("{2150E333-8FDC-42A3-9474-1A3956D46DE8}") = "WebApiGateways", "WebApiGateways", "{849124B5-8465-4D38-8781-51BADAB55172}"
EndProject
Project("{FAE04EC0-301F-11D3-BF4B-00C04F79EFBC}") = "Web.ApiGateway", "src\ApiGateways\WebApiGateway\Web.ApiGateway\Web.ApiGateway.csproj", "{06553E7D-D526-4EC3-B729-7D4E99F22D45}"
EndProject
Project("{2150E333-8FDC-42A3-9474-1A3956D46DE8}") = "EventBus", "EventBus", "{4E708D27-B357-4A50-9E92-AE694F7644CF}"
EndProject
Project("{FAE04EC0-301F-11D3-BF4B-00C04F79EFBC}") = "EventBus.Base", "src\BuildingBlocks\EventBus\EventBus.Base\EventBus.Base.csproj", "{8615CBE8-872C-4164-B175-966AD26E2A0F}"
EndProject
Project("{FAE04EC0-301F-11D3-BF4B-00C04F79EFBC}") = "EventBus.Factory", "src\BuildingBlocks\EventBus\EventBus.Factory\EventBus.Factory.csproj", "{0E1E9163-3D40-475F-A5A1-C3A8D4B642A8}"
EndProject
Project("{FAE04EC0-301F-11D3-BF4B-00C04F79EFBC}") = "EventBus.AzureServiceBus", "src\BuildingBlocks\EventBus\EventBus.AzureServiceBus\EventBus.AzureServiceBus.csproj", "{00EC0D24-30CE-4C04-8A89-EFD32DCA1BF8}"
EndProject
Project("{FAE04EC0-301F-11D3-BF4B-00C04F79EFBC}") = "EventBus.RabbitMQ", "src\BuildingBlocks\EventBus\EventBus.RabbitMQ\EventBus.RabbitMQ.csproj", "{C3F2CEB0-BEAF-41A4-807A-0B988B523CE6}"
EndProject
Project("{2150E333-8FDC-42A3-9474-1A3956D46DE8}") = "BlazorWebApp", "BlazorWebApp", "{C162AA72-755D-4C8C-86EC-1D6B875F4E59}"
EndProject
Project("{FAE04EC0-301F-11D3-BF4B-00C04F79EFBC}") = "WebApp", "src\Clients\BlazorWebApp\WebApp\WebApp.csproj", "{FBFD9FA9-E510-4C70-86EC-E41203351B6D}"
EndProject
Project("{2150E333-8FDC-42A3-9474-1A3956D46DE8}") = "BasketService", "BasketService", "{CB35A93D-D262-4C95-B2AC-8CF31E96E96D}"
EndProject
Project("{FAE04EC0-301F-11D3-BF4B-00C04F79EFBC}") = "BasketService.Api", "src\Services\BasketService\BasketService.Api\BasketService.Api.csproj", "{3F00DE44-E82B-4003-9578-4D423DA19C3C}"
EndProject
Project("{2150E333-8FDC-42A3-9474-1A3956D46DE8}") = "CatalogService", "CatalogService", "{1FDC0CD4-03CC-4B9D-9368-43F8D8DEB459}"
EndProject
Project("{FAE04EC0-301F-11D3-BF4B-00C04F79EFBC}") = "CatalogService.Api", "src\Services\CatalogService\CatalogService.Api\CatalogService.Api.csproj", "{63046AC6-1BEE-4C68-B8E0-2EE9112EAA07}"
EndProject
Project("{2150E333-8FDC-42A3-9474-1A3956D46DE8}") = "IdentityService", "IdentityService", "{8DCC7571-444D-4695-807C-2923CDE8002E}"
EndProject
Project("{FAE04EC0-301F-11D3-BF4B-00C04F79EFBC}") = "IdentityService.Api", "src\Services\IdentityService\IdentityService.Api\IdentityService.Api.csproj", "{35FD5174-4A6E-4E73-933D-B48C809432DA}"
EndProject
Project("{2150E333-8FDC-42A3-9474-1A3956D46DE8}") = "NotificationService", "NotificationService", "{DEE50D42-3DF6-48F6-B7A5-2454C70A8631}"
EndProject
Project("{FAE04EC0-301F-11D3-BF4B-00C04F79EFBC}") = "NotificationService", "src\Services\NotificationService\NotificationService\NotificationService.csproj", "{94FF4C90-8387-4FFA-A055-71002C2AC695}"
EndProject
Project("{2150E333-8FDC-42A3-9474-1A3956D46DE8}") = "OrderService", "OrderService", "{BBFE670F-46CC-4DE8-8699-D6025766E22C}"
EndProject
Project("{FAE04EC0-301F-11D3-BF4B-00C04F79EFBC}") = "OrderService.Domain", "src\Services\OrderService\OrderService.Domain\OrderService.Domain.csproj", "{9424D7FD-7EA4-48CD-8A9C-A28A2F7D8937}"
EndProject
Project("{FAE04EC0-301F-11D3-BF4B-00C04F79EFBC}") = "OrderService.Application", "src\Services\OrderService\OrderService.Application\OrderService.Application.csproj", "{4CEBBA6B-2619-4BA6-A6D3-386D42EF360F}"
EndProject
Project("{FAE04EC0-301F-11D3-BF4B-00C04F79EFBC}") = "OrderService.Infrastructure", "src\Services\OrderService\OrderService.Infrastructure\OrderService.Infrastructure.csproj", "{55960C27-C4EA-4072-BEAA-699FF135B145}"
EndProject
Project("{FAE04EC0-301F-11D3-BF4B-00C04F79EFBC}") = "OrderService.Api", "src\Services\OrderService\OrderService.Api\OrderService.Api.csproj", "{19336638-384F-4AE0-8214-EA52F5DD7AAD}"
EndProject
Global
	GlobalSection(SolutionConfigurationPlatforms) = preSolution
		Debug|Any CPU = Debug|Any CPU
		Release|Any CPU = Release|Any CPU
	EndGlobalSection
	GlobalSection(ProjectConfigurationPlatforms) = postSolution
		{06553E7D-D526-4EC3-B729-7D4E99F22D45}.Debug|Any CPU.ActiveCfg = Debug|Any CPU
		{06553E7D-D526-4EC3-B729-7D4E99F22D45}.Debug|Any CPU.Build.0 = Debug|Any CPU
		{06553E7D-D526-4EC3-B729-7D4E99F22D45}.Release|Any CPU.ActiveCfg = Release|Any CPU
		{06553E7D-D526-4EC3-B729-7D4E99F22D45}.Release|Any CPU.Build.0 = Release|Any CPU
		{8615CBE8-872C-4164-B175-966AD26E2A0F}.Debug|Any CPU.ActiveCfg = Debug|Any CPU
		{8615CBE8-872C-4164-B175-966AD26E2A0F}.Debug|Any CPU.Build.0 = Debug|Any CPU
		{8615CBE8-872C-4164-B175-966AD26E2A0F}.Release|Any CPU.ActiveCfg = Release|Any CPU
		{8615CBE8-872C-4164-B175-966AD26E2A0F}.Release|Any CPU.Build.0 = Release|Any CPU
		{0E1E9163-3D40-475F-A5A1-C3A8D4B642A8}.Debug|Any CPU.ActiveCfg = Debug|Any CPU
		{0E1E9163-3D40-475F-A5A1-C3A8D4B642A8}.Debug|Any CPU.Build.0 = Debug|Any CPU
		{0E1E9163-3D40-475F-A5A1-C3A8D4B642A8}.Release|Any CPU.ActiveCfg = Release|Any CPU
		{0E1E9163-3D40-475F-A5A1-C3A8D4B642A8}.Release|Any CPU.Build.0 = Release|Any CPU
		{00EC0D24-30CE-4C04-8A89-EFD32DCA1BF8}.Debug|Any CPU.ActiveCfg = Debug|Any CPU
		{00EC0D24-30CE-4C04-8A89-EFD32DCA1BF8}.Debug|Any CPU.Build.0 = Debug|Any CPU
		{00EC0D24-30CE-4C04-8A89-EFD32DCA1BF8}.Release|Any CPU.ActiveCfg = Release|Any CPU
		{00EC0D24-30CE-4C04-8A89-EFD32DCA1BF8}.Release|Any CPU.Build.0 = Release|Any CPU
		{C3F2CEB0-BEAF-41A4-807A-0B988B523CE6}.Debug|Any CPU.ActiveCfg = Debug|Any CPU
		{C3F2CEB0-BEAF-41A4-807A-0B988B523CE6}.Debug|Any CPU.Build.0 = Debug|Any CPU
		{C3F2CEB0-BEAF-41A4-807A-0B988B523CE6}.Release|Any CPU.ActiveCfg = Release|Any CPU
		{C3F2CEB0-BEAF-41A4-807A-0B988B523CE6}.Release|Any CPU.Build.0 = Release|Any CPU
		{FBFD9FA9-E510-4C70-86EC-E41203351B6D}.Debug|Any CPU.ActiveCfg = Debug|Any CPU
		{FBFD9FA9-E510-4C70-86EC-E41203351B6D}.Debug|Any CPU.Build.0 = Debug|Any CPU
		{FBFD9FA9-E510-4C70-86EC-E41203351B6D}.Release|Any CPU.ActiveCfg = Release|Any CPU
		{FBFD9FA9-E510-4C70-86EC-E41203351B6D}.Release|Any CPU.Build.0 = Release|Any CPU
		{3F00DE44-E82B-4003-9578-4D423DA19C3C}.Debug|Any CPU.ActiveCfg = Debug|Any CPU
		{3F00DE44-E82B-4003-9578-4D423DA19C3C}.Debug|Any CPU.Build.0 = Debug|Any CPU
		{3F00DE44-E82B-4003-9578-4D423DA19C3C}.Release|Any CPU.ActiveCfg = Release|Any CPU
		{3F00DE44-E82B-4003-9578-4D423DA19C3C}.Release|Any CPU.Build.0 = Release|Any CPU
		{63046AC6-1BEE-4C68-B8E0-2EE9112EAA07}.Debug|Any CPU.ActiveCfg = Debug|Any CPU
		{63046AC6-1BEE-4C68-B8E0-2EE9112EAA07}.Debug|Any CPU.Build.0 = Debug|Any CPU
		{63046AC6-1BEE-4C68-B8E0-2EE9112EAA07}.Release|Any CPU.ActiveCfg = Release|Any CPU
		{63046AC6-1BEE-4C68-B8E0-2EE9112EAA07}.Release|Any CPU.Build.0 = Release|Any CPU
		{35FD5174-4A6E-4E73-933D-B48C809432DA}.Debug|Any CPU.ActiveCfg = Debug|Any CPU
		{35FD5174-4A6E-4E73-933D-B48C809432DA}.Debug|Any CPU.Build.0 = Debug|Any CPU
		{35FD5174-4A6E-4E73-933D-B48C809432DA}.Release|Any CPU.ActiveCfg = Release|Any CPU
		{35FD5174-4A6E-4E73-933D-B48C809432DA}.Release|Any CPU.Build.0 = Release|Any CPU
		{94FF4C90-8387-4FFA-A055-71002C2AC695}.Debug|Any CPU.ActiveCfg = Debug|Any CPU
		{94FF4C90-8387-4FFA-A055-71002C2AC695}.Debug|Any CPU.Build.0 = Debug|Any CPU
		{94FF4C90-8387-4FFA-A055-71002C2AC695}.Release|Any CPU.ActiveCfg = Release|Any CPU
		{94FF4C90-8387-4FFA-A055-71002C2AC695}.Release|Any CPU.Build.0 = Release|Any CPU
		{9424D7FD-7EA4-48CD-8A9C-A28A2F7D8937}.Debug|Any CPU.ActiveCfg = Debug|Any CPU
		{9424D7FD-7EA4-48CD-8A9C-A28A2F7D8937}.Debug|Any CPU.Build.0 = Debug|Any CPU
		{9424D7FD-7EA4-48CD-8A9C-A28A2F7D8937}.Release|Any CPU.ActiveCfg = Release|Any CPU
		{9424D7FD-7EA4-48CD-8A9C-A28A2F7D8937}.Release|Any CPU.Build.0 = Release|Any CPU
		{4CEBBA6B-2619-4BA6-A6D3-386D42EF360F}.Debug|Any CPU.ActiveCfg = Debug|Any CPU
		{4CEBBA6B-2619-4BA6-A6D3-386D42EF360F}.Debug|Any CPU.Build.0 = Debug|Any CPU
		{4CEBBA6B-2619-4BA6-A6D3-386D42EF360F}.Release|Any CPU.ActiveCfg = Release|Any CPU
		{4CEBBA6B-2619-4BA6-A6D3-386D42EF360F}.Release|Any CPU.Build.0 = Release|Any CPU
		{55960C27-C4EA-4072-BEAA-699FF135B145}.Debug|Any CPU.ActiveCfg = Debug|Any CPU
		{55960C27-C4EA-4072-BEAA-699FF135B145}.Debug|Any CPU.Build.0 = Debug|Any CPU
		{55960C27-C4EA-4072-BEAA-699FF135B145}.Release|Any CPU.ActiveCfg = Release|Any CPU
		{55960C27-C4EA-4072-BEAA-699FF135B145}.Release|Any CPU.Build.0 = Release|Any CPU
		{19336638-384F-4AE0-8214-EA52F5DD7AAD}.Debug|Any CPU.ActiveCfg = Debug|Any CPU
		{19336638-384F-4AE0-8214-EA52F5DD7AAD}.Debug|Any CPU.Build.0 = Debug|Any CPU
		{19336638-384F-4AE0-8214-EA52F5DD7AAD}.Release|Any CPU.ActiveCfg = Release|Any CPU
		{19336638-384F-4AE0-8214-EA52F5DD7AAD}.Release|Any CPU.Build.0 = Release|Any CPU
	EndGlobalSection
	GlobalSection(SolutionProperties) = preSolution
		HideSolutionNode = FALSE
	EndGlobalSection
	GlobalSection(NestedProjects) = preSolution
		{A15C8955-5CB9-408F-B38A-3EFB24A70A40} = {EBF3E6C2-C40E-4C57-A49B-35E98E596BF5}
		{C9BB5D2F-C138-42C2-A4CD-84ACA3D11D79} = {EBF3E6C2-C40E-4C57-A49B-35E98E596BF5}
		{0570D6FD-190F-4591-A31A-E0D56CF2B356} = {EBF3E6C2-C40E-4C57-A49B-35E98E596BF5}
		{2F8CAD7C-77DC-42F2-8B82-AFFF956DF184} = {EBF3E6C2-C40E-4C57-A49B-35E98E596BF5}
		{849124B5-8465-4D38-8781-51BADAB55172} = {A15C8955-5CB9-408F-B38A-3EFB24A70A40}
		{06553E7D-D526-4EC3-B729-7D4E99F22D45} = {849124B5-8465-4D38-8781-51BADAB55172}
		{4E708D27-B357-4A50-9E92-AE694F7644CF} = {C9BB5D2F-C138-42C2-A4CD-84ACA3D11D79}
		{8615CBE8-872C-4164-B175-966AD26E2A0F} = {4E708D27-B357-4A50-9E92-AE694F7644CF}
		{0E1E9163-3D40-475F-A5A1-C3A8D4B642A8} = {4E708D27-B357-4A50-9E92-AE694F7644CF}
		{00EC0D24-30CE-4C04-8A89-EFD32DCA1BF8} = {4E708D27-B357-4A50-9E92-AE694F7644CF}
		{C3F2CEB0-BEAF-41A4-807A-0B988B523CE6} = {4E708D27-B357-4A50-9E92-AE694F7644CF}
		{C162AA72-755D-4C8C-86EC-1D6B875F4E59} = {2F8CAD7C-77DC-42F2-8B82-AFFF956DF184}
		{FBFD9FA9-E510-4C70-86EC-E41203351B6D} = {C162AA72-755D-4C8C-86EC-1D6B875F4E59}
		{CB35A93D-D262-4C95-B2AC-8CF31E96E96D} = {0570D6FD-190F-4591-A31A-E0D56CF2B356}
		{3F00DE44-E82B-4003-9578-4D423DA19C3C} = {CB35A93D-D262-4C95-B2AC-8CF31E96E96D}
		{1FDC0CD4-03CC-4B9D-9368-43F8D8DEB459} = {0570D6FD-190F-4591-A31A-E0D56CF2B356}
		{63046AC6-1BEE-4C68-B8E0-2EE9112EAA07} = {1FDC0CD4-03CC-4B9D-9368-43F8D8DEB459}
		{8DCC7571-444D-4695-807C-2923CDE8002E} = {0570D6FD-190F-4591-A31A-E0D56CF2B356}
		{35FD5174-4A6E-4E73-933D-B48C809432DA} = {8DCC7571-444D-4695-807C-2923CDE8002E}
		{DEE50D42-3DF6-48F6-B7A5-2454C70A8631} = {0570D6FD-190F-4591-A31A-E0D56CF2B356}
		{94FF4C90-8387-4FFA-A055-71002C2AC695} = {DEE50D42-3DF6-48F6-B7A5-2454C70A8631}
		{BBFE670F-46CC-4DE8-8699-D6025766E22C} = {0570D6FD-190F-4591-A31A-E0D56CF2B356}
		{9424D7FD-7EA4-48CD-8A9C-A28A2F7D8937} = {BBFE670F-46CC-4DE8-8699-D6025766E22C}
		{4CEBBA6B-2619-4BA6-A6D3-386D42EF360F} = {BBFE670F-46CC-4DE8-8699-D6025766E22C}
		{55960C27-C4EA-4072-BEAA-699FF135B145} = {BBFE670F-46CC-4DE8-8699-D6025766E22C}
		{19336638-384F-4AE0-8214-EA52F5DD7AAD} = {BBFE670F-46CC-4DE8-8699-D6025766E22C}
	EndGlobalSection
	GlobalSection(ExtensibilityGlobals) = postSolution
		SolutionGuid = {04A1D029-D701-46A1-8669-B4FC227737E8}
	EndGlobalSection
EndGlobal
